{
  "requires": true,
  "lockfileVersion": 1,
  "dependencies": {
    "geolib": {
      "version": "3.2.0",
      "resolved": "https://registry.npmjs.org/geolib/-/geolib-3.2.0.tgz",
      "integrity": "sha512-GEsrhSlqrQG9a3nras/hDOnrKOzi4ngUOjpjKycXZWTaOrGHsz0vQQuKNwHSEA+X8Q57POnEn5iQ/GTz55r5Ag=="
    }
  }
}
